Microsoft Visual Studio Solution File, Format Version 12.00
# Visual Studio 2012
Project("{FAE04EC0-301F-11D3-BF4B-00C04F79EFBC}") = "project-rpg", "project-rpg.csproj", "{D05B67E7-AF45-42E7-A5F8-152480C59793}"
EndProject
Global
	GlobalSection(SolutionConfigurationPlatforms) = preSolution
	Debug|Any CPU = Debug|Any CPU
	ExportDebug|Any CPU = ExportDebug|Any CPU
	ExportRelease|Any CPU = ExportRelease|Any CPU
	EndGlobalSection
	GlobalSection(ProjectConfigurationPlatforms) = postSolution
		{D05B67E7-AF45-42E7-A5F8-152480C59793}.Debug|Any CPU.ActiveCfg = Debug|Any CPU
		{D05B67E7-AF45-42E7-A5F8-152480C59793}.Debug|Any CPU.Build.0 = Debug|Any CPU
		{D05B67E7-AF45-42E7-A5F8-152480C59793}.ExportDebug|Any CPU.ActiveCfg = ExportDebug|Any CPU
		{D05B67E7-AF45-42E7-A5F8-152480C59793}.ExportDebug|Any CPU.Build.0 = ExportDebug|Any CPU
		{D05B67E7-AF45-42E7-A5F8-152480C59793}.ExportRelease|Any CPU.ActiveCfg = ExportRelease|Any CPU
		{D05B67E7-AF45-42E7-A5F8-152480C59793}.ExportRelease|Any CPU.Build.0 = ExportRelease|Any CPU
	EndGlobalSection
EndGlobal
